[[package]]
name = "atomicwrites"
version = "1.4.1"
description = "Atomic file writes."
category = "dev"
optional = false
python-versions = ">=2.7, !=3.0.*, !=3.1.*, !=3.2.*, !=3.3.*"

[[package]]
name = "attrs"
version = "22.1.0"
description = "Classes Without Boilerplate"
category = "main"
optional = false
python-versions = ">=3.5"

[package.extras]
dev = ["coverage[toml] (>=5.0.2)", "hypothesis", "pympler", "pytest (>=4.3.0)", "mypy (>=0.900,!=0.940)", "pytest-mypy-plugins", "zope.interface", "furo", "sphinx", "sphinx-notfound-page", "pre-commit", "cloudpickle"]
docs = ["furo", "sphinx", "zope.interface", "sphinx-notfound-page"]
tests = ["coverage[toml] (>=5.0.2)", "hypothesis", "pympler", "pytest (>=4.3.0)", "mypy (>=0.900,!=0.940)", "pytest-mypy-plugins", "zope.interface", "cloudpickle"]
tests_no_zope = ["coverage[toml] (>=5.0.2)", "hypothesis", "pympler", "pytest (>=4.3.0)", "mypy (>=0.900,!=0.940)", "pytest-mypy-plugins", "cloudpickle"]

[[package]]
name = "bytecode"
version = "0.13.0"
description = "Python module to generate and modify bytecode"
category = "main"
optional = false
python-versions = ">=3.6"

[[package]]
name = "cattrs"
version = "22.2.0"
description = "Composable complex class support for attrs and dataclasses."
category = "main"
optional = false
python-versions = ">=3.7"

[package.dependencies]
attrs = ">=20"
exceptiongroup = {version = "*", markers = "python_version < \"3.11\""}
typing_extensions = {version = "*", markers = "python_version < \"3.8\""}

[[package]]
name = "colorama"
version = "0.4.5"
description = "Cross-platform colored terminal text."
category = "dev"
optional = false
python-versions = ">=2.7, !=3.0.*, !=3.1.*, !=3.2.*, !=3.3.*, !=3.4.*"

[[package]]
name = "ddsketch"
version = "2.0.4"
description = "Distributed quantile sketches"
category = "main"
optional = false
python-versions = ">=2.7"

[package.dependencies]
protobuf = {version = ">=3.0.0", markers = "python_version >= \"3.7\""}
six = "*"

[[package]]
name = "ddtrace"
version = "1.5.2"
description = "Datadog APM client library"
category = "main"
optional = false
python-versions = ">=2.7, !=3.0.*, !=3.1.*, !=3.2.*, !=3.3.*, !=3.4.*"

[package.dependencies]
attrs = ">=19.2.0"
bytecode = [
    {version = ">=0.13.0,<0.14.0", markers = "python_version == \"3.7\""},
    {version = "*", markers = "python_version >= \"3.8\""},
]
cattrs = "*"
ddsketch = ">=2.0.1"
envier = "*"
importlib-metadata = {version = "*", markers = "python_version < \"3.8\""}
jsonschema = "*"
packaging = ">=17.1"
protobuf = {version = ">=3", markers = "python_version >= \"3.7\""}
six = ">=1.12.0"
tenacity = ">=5"
typing-extensions = "*"
xmltodict = ">=0.12"

[package.extras]
opentracing = ["opentracing (>=2.0.0)"]

[[package]]
name = "envier"
version = "0.3.0"
description = "Python application configuration via the environment"
category = "main"
optional = false
python-versions = ">=2.7"

[package.extras]
mypy = ["mypy"]

[[package]]
name = "exceptiongroup"
version = "1.0.0rc9"
description = "Backport of PEP 654 (exception groups)"
category = "main"
optional = false
python-versions = ">=3.7"

[package.extras]
test = ["pytest (>=6)"]

[[package]]
name = "importlib-metadata"
version = "5.0.0"
description = "Read metadata from Python packages"
category = "main"
optional = false
python-versions = ">=3.7"

[package.dependencies]
typing-extensions = {version = ">=3.6.4", markers = "python_version < \"3.8\""}
zipp = ">=0.5"

[package.extras]
docs = ["sphinx (>=3.5)", "jaraco.packaging (>=9)", "rst.linker (>=1.9)", "furo", "jaraco.tidelift (>=1.4)"]
perf = ["ipython"]
testing = ["pytest (>=6)", "pytest-checkdocs (>=2.4)", "pytest-flake8", "flake8 (<5)", "pytest-cov", "pytest-enabler (>=1.3)", "packaging", "pyfakefs", "flufl.flake8", "pytest-perf (>=0.9.2)", "pytest-black (>=0.3.7)", "pytest-mypy (>=0.9.1)", "importlib-resources (>=1.3)"]

[[package]]
name = "importlib-resources"
version = "5.10.0"
description = "Read resources from Python packages"
category = "main"
optional = false
python-versions = ">=3.7"

[package.dependencies]
zipp = {version = ">=3.1.0", markers = "python_version < \"3.10\""}

[package.extras]
docs = ["sphinx (>=3.5)", "jaraco.packaging (>=9)", "rst.linker (>=1.9)", "furo", "jaraco.tidelift (>=1.4)"]
testing = ["pytest (>=6)", "pytest-checkdocs (>=2.4)", "pytest-flake8", "flake8 (<5)", "pytest-cov", "pytest-enabler (>=1.3)", "pytest-black (>=0.3.7)", "pytest-mypy (>=0.9.1)"]

[[package]]
name = "iniconfig"
version = "1.1.1"
description = "iniconfig: brain-dead simple config-ini parsing"
category = "dev"
optional = false
python-versions = "*"

[[package]]
name = "jsonschema"
version = "4.16.0"
description = "An implementation of JSON Schema validation for Python"
category = "main"
optional = false
python-versions = ">=3.7"

[package.dependencies]
attrs = ">=17.4.0"
importlib-metadata = {version = "*", markers = "python_version < \"3.8\""}
importlib-resources = {version = ">=1.4.0", markers = "python_version < \"3.9\""}
pkgutil-resolve-name = {version = ">=1.3.10", markers = "python_version < \"3.9\""}
pyrsistent = ">=0.14.0,<0.17.0 || >0.17.0,<0.17.1 || >0.17.1,<0.17.2 || >0.17.2"
typing-extensions = {version = "*", markers = "python_version < \"3.8\""}

[package.extras]
format = ["fqdn", "idna", "isoduration", "jsonpointer (>1.13)", "rfc3339-validator", "rfc3987", "uri-template", "webcolors (>=1.11)"]
format-nongpl = ["fqdn", "idna", "isoduration", "jsonpointer (>1.13)", "rfc3339-validator", "rfc3986-validator (>0.1.0)", "uri-template", "webcolors (>=1.11)"]

[[package]]
name = "packaging"
version = "21.3"
description = "Core utilities for Python packages"
category = "main"
optional = false
python-versions = ">=3.6"

[package.dependencies]
pyparsing = ">=2.0.2,<3.0.5 || >3.0.5"

[[package]]
name = "pkgutil-resolve-name"
version = "1.3.10"
description = "Resolve a name to an object."
category = "main"
optional = false
python-versions = ">=3.6"

[[package]]
name = "pluggy"
version = "1.0.0"
description = "plugin and hook calling mechanisms for python"
category = "dev"
optional = false
python-versions = ">=3.6"

[package.dependencies]
importlib-metadata = {version = ">=0.12", markers = "python_version < \"3.8\""}

[package.extras]
dev = ["pre-commit", "tox"]
testing = ["pytest", "pytest-benchmark"]

[[package]]
name = "protobuf"
version = "4.21.8"
description = ""
category = "main"
optional = false
python-versions = ">=3.7"

[[package]]
name = "py"
version = "1.11.0"
description = "library with cross-python path, ini-parsing, io, code, log facilities"
category = "dev"
optional = false
python-versions = ">=2.7, !=3.0.*, !=3.1.*, !=3.2.*, !=3.3.*, !=3.4.*"

[[package]]
name = "pyparsing"
version = "3.0.9"
description = "pyparsing module - Classes and methods to define and execute parsing grammars"
category = "main"
optional = false
python-versions = ">=3.6.8"

[package.extras]
diagrams = ["railroad-diagrams", "jinja2"]

[[package]]
name = "pyrsistent"
version = "0.18.1"
description = "Persistent/Functional/Immutable data structures"
category = "main"
optional = false
python-versions = ">=3.7"

[[package]]
name = "pytest"
version = "6.2.5"
description = "pytest: simple powerful testing with Python"
category = "dev"
optional = false
python-versions = ">=3.6"

[package.dependencies]
atomicwrites = {version = ">=1.0", markers = "sys_platform == \"win32\""}
attrs = ">=19.2.0"
colorama = {version = "*", markers = "sys_platform == \"win32\""}
importlib-metadata = {version = ">=0.12", markers = "python_version < \"3.8\""}
iniconfig = "*"
packaging = "*"
pluggy = ">=0.12,<2.0"
py = ">=1.8.2"
toml = "*"

[package.extras]
testing = ["argcomplete", "hypothesis (>=3.56)", "mock", "nose", "requests", "xmlschema"]

[[package]]
name = "six"
version = "1.16.0"
description = "Python 2 and 3 compatibility utilities"
category = "main"
optional = false
python-versions = ">=2.7, !=3.0.*, !=3.1.*, !=3.2.*"

[[package]]
name = "tenacity"
version = "8.1.0"
description = "Retry code until it succeeds"
category = "main"
optional = false
python-versions = ">=3.6"

[package.extras]
doc = ["reno", "sphinx", "tornado (>=4.5)"]

[[package]]
name = "toml"
version = "0.10.2"
description = "Python Library for Tom's Obvious, Minimal Language"
category = "main"
optional = false
python-versions = ">=2.6, !=3.0.*, !=3.1.*, !=3.2.*"

[[package]]
name = "typing-extensions"
version = "4.4.0"
description = "Backported and Experimental Type Hints for Python 3.7+"
category = "main"
optional = false
python-versions = ">=3.7"

[[package]]
name = "watchdog"
version = "2.1.9"
description = "Filesystem events monitoring"
category = "main"
optional = false
python-versions = ">=3.6"

[package.extras]
watchmedo = ["PyYAML (>=3.10)"]

[[package]]
name = "xmltodict"
version = "0.13.0"
description = "Makes working with XML feel like you are working with JSON"
category = "main"
optional = false
python-versions = ">=3.4"

[[package]]
name = "zipp"
version = "3.9.0"
description = "Backport of pathlib-compatible object wrapper for zip files"
category = "main"
optional = false
python-versions = ">=3.7"

[package.extras]
docs = ["sphinx (>=3.5)", "jaraco.packaging (>=9)", "rst.linker (>=1.9)", "furo", "jaraco.tidelift (>=1.4)"]
testing = ["pytest (>=6)", "pytest-checkdocs (>=2.4)", "pytest-flake8", "flake8 (<5)", "pytest-cov", "pytest-enabler (>=1.3)", "jaraco.itertools", "func-timeout", "jaraco.functools", "more-itertools", "pytest-black (>=0.3.7)", "pytest-mypy (>=0.9.1)"]

[metadata]
lock-version = "1.1"
python-versions = "^3.7"
content-hash = "03d9e89a6b41f680188f06d6cb5621adf951531a9ecd492e6582530875691330"

[metadata.files]
atomicwrites = [
    {file = "atomicwrites-1.4.1.tar.gz", hash = "sha256:81b2c9071a49367a7f770170e5eec8cb66567cfbbc8c73d20ce5ca4a8d71cf11"},
]
attrs = [
    {file = "attrs-22.1.0-py2.py3-none-any.whl", hash = "sha256:86efa402f67bf2df34f51a335487cf46b1ec130d02b8d39fd248abfd30da551c"},
    {file = "attrs-22.1.0.tar.gz", hash = "sha256:29adc2665447e5191d0e7c568fde78b21f9672d344281d0c6e1ab085429b22b6"},
]
bytecode = [
    {file = "bytecode-0.13.0-py3-none-any.whl", hash = "sha256:e69f92e7d27f99d5d7d76e6a824bd3d9ff857c72b59927aaf87e1a620f67fe50"},
    {file = "bytecode-0.13.0.tar.gz", hash = "sha256:6af3c2f0a31ce05dce41f7eea5cc380e33f5e8fbb7dcee3b52467a00acd52fcd"},
]
cattrs = [
    {file = "cattrs-22.2.0-py3-none-any.whl", hash = "sha256:bc12b1f0d000b9f9bee83335887d532a1d3e99a833d1bf0882151c97d3e68c21"},
    {file = "cattrs-22.2.0.tar.gz", hash = "sha256:f0eed5642399423cf656e7b66ce92cdc5b963ecafd041d1b24d136fdde7acf6d"},
]
colorama = [
    {file = "colorama-0.4.5-py2.py3-none-any.whl", hash = "sha256:854bf444933e37f5824ae7bfc1e98d5bce2ebe4160d46b5edf346a89358e99da"},
    {file = "colorama-0.4.5.tar.gz", hash = "sha256:e6c6b4334fc50988a639d9b98aa429a0b57da6e17b9a44f0451f930b6967b7a4"},
]
ddsketch = [
    {file = "ddsketch-2.0.4-py3-none-any.whl", hash = "sha256:3227a270fd686a29d3a7128f9352ccf852314410380fc11384356f1ae2a75938"},
    {file = "ddsketch-2.0.4.tar.gz", hash = "sha256:32f7314077fec8747d4faebaec2c854b5ffc399c5f552f73fa94024f48d74d64"},
]
ddtrace = [
    {file = "ddtrace-1.5.2-cp27-cp27m-macosx_10_9_x86_64.whl", hash = "sha256:16be139c8384db18c0a31c964534e9ddde10695aa69f6fd19013e0d9e9eecdfa"},
    {file = "ddtrace-1.5.2-cp27-cp27m-manylinux2010_i686.whl", hash = "sha256:a9f165b94a85a1d0265b4f6d6f2165fc24f93e803b88e0bf57dbef8077631c10"},
    {file = "ddtrace-1.5.2-cp27-cp27m-manylinux2010_x86_64.whl", hash = "sha256:025f8817cd74f40856056e00e7c35d6a1898f137f60e25327d325aa49ae6fcb2"},
    {file = "ddtrace-1.5.2-cp27-cp27mu-manylinux2010_i686.whl", hash = "sha256:9d1b4766e019d195fea6308b4fdb5177312472a31cfee95cea1e2fd429a5b10c"},
    {file = "ddtrace-1.5.2-cp27-cp27mu-manylinux2010_x86_64.whl", hash = "sha256:64e02f95c54fbcf549cf3e35d1116d3a89791f93226707fe9b18d2675a1164e7"},
    {file = "ddtrace-1.5.2-cp310-cp310-macosx_10_9_universal2.whl", hash = "sha256:ec72863df472af96c6946613017a398d6eecd70f4336e0490c22cf226d794fc1"},
    {file = "ddtrace-1.5.2-cp310-cp310-macosx_10_9_x86_64.whl", hash = "sha256:cb05a28b80347fbf8deb1568cdcc593b584c6a6a289f863ec32a2d47ccdd72d9"},
    {file = "ddtrace-1.5.2-cp310-cp310-manylinux_2_17_aarch64.manylinux2014_aarch64.whl", hash = "sha256:d2c9b9e770a9f75665b8869ce308d5ff2df6e6fac00dbc6ba1110ca4cd31a36d"},
    {file = "ddtrace-1.5.2-cp310-cp310-manylinux_2_17_i686.manylinux2014_i686.whl", hash = "sha256:79f973c7da48519f838ed4b0f6f0696fbae0829b7e40b6ff9a91c33bac25ade2"},
    {file = "ddtrace-1.5.2-cp310-cp310-manylinux_2_17_x86_64.manylinux2014_x86_64.whl", hash = "sha256:bf922e475b031c51cebc6b4debbbd09622158c6f851fc2c3c9d1a8d8d8816e69"},
    {file = "ddtrace-1.5.2-cp310-cp310-musllinux_1_1_aarch64.whl", hash = "sha256:201185b23dfe85e775d54b049097099d057f54c4b0bdda9e1cddd368bc482727"},
    {file = "ddtrace-1.5.2-cp310-cp310-musllinux_1_1_i686.whl", hash = "sha256:c3e2a89ce9295611551dcb022711bca69c54d1b7589faff7ada80f27211aa653"},
    {file = "ddtrace-1.5.2-cp310-cp310-musllinux_1_1_x86_64.whl", hash = "sha256:94debf9f4707b0d71f345f0fe7f291759758380900edc0251dbdd5c4ce21bc10"},
    {file = "ddtrace-1.5.2-cp310-cp310-win32.whl", hash = "sha256:b41f2bc81bb1fa8185e4e3ad0c7adb615282247478033878241ffdfec52c714c"},
    {file = "ddtrace-1.5.2-cp310-cp310-win_amd64.whl", hash = "sha256:77bc08b0304d15ac9e404485e06445245ba2846e1051a50268cb42334758ef51"},
    {file = "ddtrace-1.5.2-cp35-cp35m-manylinux2010_i686.whl", hash = "sha256:ca2b1c9a41be2ee0f4e399e41969561779d1ccfa076508bdb10f3ca6e098f314"},
    {file = "ddtrace-1.5.2-cp35-cp35m-manylinux2010_x86_64.whl", hash = "sha256:9309cb61dc45ebc72c716aaffc34eb5bcea96fd26f95266f89a8e3aedaba515c"},
    {file = "ddtrace-1.5.2-cp35-cp35m-manylinux2014_aarch64.whl", hash = "sha256:58ad58ae9168a2123f7b8e2d829a836fac8102c8992acc9e7432d4f13fc5e611"},
    {file = "ddtrace-1.5.2-cp35-cp35m-win32.whl", hash = "sha256:b2a32a6f73425f276569f2acd5e8c0968ed460024227aa8bd16118f08845b774"},
    {file = "ddtrace-1.5.2-cp35-cp35m-win_amd64.whl", hash = "sha256:1d1729905c98dbe7adba1ace06b8864aea1c7e7367b34606f6a5097782d1bca3"},
    {file = "ddtrace-1.5.2-cp36-cp36m-macosx_10_9_x86_64.whl", hash = "sha256:a9b007cc729f9e006aaa6460d6036d36382ff7ff75b97ae958b00fedff13511d"},
    {file = "ddtrace-1.5.2-cp36-cp36m-manylinux_2_17_aarch64.manylinux2014_aarch64.whl", hash = "sha256:d6f7cb6baf0dbde765163e95f05ab9bdf9665059cc4ad3ef810444faaa548801"},
    {file = "ddtrace-1.5.2-cp36-cp36m-manylinux_2_17_i686.manylinux2014_i686.whl", hash = "sha256:eee431c6a8f1d818fab7ae40bb0f7743399259ecb32e256c9071261d013423e1"},
    {file = "ddtrace-1.5.2-cp36-cp36m-manylinux_2_17_x86_64.manylinux2014_x86_64.whl", hash = "sha256:a8cb19f52be2b812f74fda419c6b7411fd12d8d504da3411af4f0d9660f4c3c5"},
    {file = "ddtrace-1.5.2-cp36-cp36m-musllinux_1_1_aarch64.whl", hash = "sha256:c666b425466abfc800a827b30541552d0f2ceb81d5c373e3bb9f8ce540b493b0"},
    {file = "ddtrace-1.5.2-cp36-cp36m-musllinux_1_1_i686.whl", hash = "sha256:70faeb3e0c466e70bff776949dace4bac229bb4c2276eaaee924eb3b1f4ffb4a"},
    {file = "ddtrace-1.5.2-cp36-cp36m-musllinux_1_1_x86_64.whl", hash = "sha256:d910ca96962f430fff92b2308b46bcc6963332ff90df2c0c4e5e5880616110a1"},
    {file = "ddtrace-1.5.2-cp36-cp36m-win32.whl", hash = "sha256:42610984319b39ab69b779d5dfa837f9ea5a5909a0ac51397542d83250492fbc"},
    {file = "ddtrace-1.5.2-cp36-cp36m-win_amd64.whl", hash = "sha256:fed71bf50cef2f8dba0759fd39f27483d2d521e324af280816f93b13a4e7858f"},
    {file = "ddtrace-1.5.2-cp37-cp37m-macosx_10_9_x86_64.whl", hash = "sha256:269c9dec511755223079709f7af4b29815eb2ee3030af371e19d1da502e31736"},
    {file = "ddtrace-1.5.2-cp37-cp37m-manylinux_2_17_aarch64.manylinux2014_aarch64.whl", hash = "sha256:e61b3859d287ca97da9a38c370a898f986a8ddf51367d13076dcecab3bcde85a"},
    {file = "ddtrace-1.5.2-cp37-cp37m-manylinux_2_17_i686.manylinux2014_i686.whl", hash = "sha256:85aefa1db64b6f09bce4d0de7eb8991e7c590703a6e6bf0bdc2ab89300bac278"},
    {file = "ddtrace-1.5.2-cp37-cp37m-manylinux_2_17_x86_64.manylinux2014_x86_64.whl", hash = "sha256:fc3ebc34825a2a22e3c2d1c826869f9d139bfbd72d04dcc03f0efee2349c5243"},
    {file = "ddtrace-1.5.2-cp37-cp37m-musllinux_1_1_aarch64.whl", hash = "sha256:13c67c7e025f68763f82b071e95724ff02d8ebf5c57230ed007ff9041ee2fd45"},
    {file = "ddtrace-1.5.2-cp37-cp37m-musllinux_1_1_i686.whl", hash = "sha256:b66062ab4d689780a2031aff0636ecb03ea31b5e2aca2ec76e5e66b38261ba90"},
    {file = "ddtrace-1.5.2-cp37-cp37m-musllinux_1_1_x86_64.whl", hash = "sha256:e8dc42cce83274b2b86a2a14c8b91bc2fcda93c8ff9522ae3bd1c8760f65fd87"},
    {file = "ddtrace-1.5.2-cp37-cp37m-win32.whl", hash = "sha256:5de57e7d9a3c12db55ca0d31cce3bae25bcf0485dcb87f3370ab0fbfebad2f44"},
    {file = "ddtrace-1.5.2-cp37-cp37m-win_amd64.whl", hash = "sha256:9926f0f9ee42f040f34d4bf1c2620d9ae8fb17fd2ba85a6d48220cc8d5fe9f90"},
    {file = "ddtrace-1.5.2-cp38-cp38-macosx_10_9_universal2.whl", hash = "sha256:079f471f5ecd3da033a026b3b17aaeba7e615f7c8d112e1a0564c3a41615b323"},
    {file = "ddtrace-1.5.2-cp38-cp38-macosx_10_9_x86_64.whl", hash = "sha256:bcfa3579bfd4b4838d01bb6cad8be6f4c7a8421435bd9042578506790d5f3dd1"},
    {file = "ddtrace-1.5.2-cp38-cp38-manylinux_2_17_aarch64.manylinux2014_aarch64.whl", hash = "sha256:67509742f7fd86817addb9a7c7c49c53dd967d41ecac75f6821659730c7ef550"},
    {file = "ddtrace-1.5.2-cp38-cp38-manylinux_2_17_i686.manylinux2014_i686.whl", hash = "sha256:6d35acd2565e83c6f3a8c8ce89e5a76995adb5b78381406ecf9ac72e80a0ea9f"},
    {file = "ddtrace-1.5.2-cp38-cp38-manylinux_2_17_x86_64.manylinux2014_x86_64.whl", hash = "sha256:2c972a6ccca1652c103512b956fac42490f579b243e30bfd853ce92d297904a6"},
    {file = "ddtrace-1.5.2-cp38-cp38-musllinux_1_1_aarch64.whl", hash = "sha256:7e0de31a1afb40810137fe30f6a028007f0ced84032b7c460e6b67589b207ebc"},
    {file = "ddtrace-1.5.2-cp38-cp38-musllinux_1_1_i686.whl", hash = "sha256:b06493059b3d2ce627d74623a55a1e9d2af630923cd58ba93d7dce74859baec5"},
    {file = "ddtrace-1.5.2-cp38-cp38-musllinux_1_1_x86_64.whl", hash = "sha256:642bf1ccfe959711eacbbe3575958c5084a7d5459421870e3ca2f458bc95bcc5"},
    {file = "ddtrace-1.5.2-cp38-cp38-win32.whl", hash = "sha256:d4fd9e7ad111edb29c69750037465b1cb7787003b933d8a5a6ab8329f8773372"},
    {file = "ddtrace-1.5.2-cp38-cp38-win_amd64.whl", hash = "sha256:e5a2ab29a07c728caa54ad93ab55b1476fb3bc58ac63e6ded3db3ff48048cd7c"},
    {file = "ddtrace-1.5.2-cp39-cp39-macosx_10_9_universal2.whl", hash = "sha256:9d40f0e0abb56a12410e98961ef929bc5a4ac56f79688015f0e27daa6cba0a3b"},
    {file = "ddtrace-1.5.2-cp39-cp39-macosx_10_9_x86_64.whl", hash = "sha256:39b4ef57d981a1d4098b65cc3344397cb8f1c09ec2d1f411da41224535f37816"},
    {file = "ddtrace-1.5.2-cp39-cp39-manylinux_2_17_aarch64.manylinux2014_aarch64.whl", hash = "sha256:e6b8d4d783ef14b176958276db664b8f9e081bc12412af3f9473d94313bedf7a"},
    {file = "ddtrace-1.5.2-cp39-cp39-manylinux_2_17_i686.manylinux2014_i686.whl", hash = "sha256:dea4019202a959847b455bc7052ebfe63dc1d3a27ba9763a2b2a97ae9372d288"},
    {file = "ddtrace-1.5.2-cp39-cp39-manylinux_2_17_x86_64.manylinux2014_x86_64.whl", hash = "sha256:5df5de9b5bec73f22d86718af45f4f073dabf068bce036ea352637e1e74c8063"},
    {file = "ddtrace-1.5.2-cp39-cp39-musllinux_1_1_aarch64.whl", hash = "sha256:bb53276713b086f49821ec1058efc25cd29a5e6cec2e0db5f2352ca354928775"},
    {file = "ddtrace-1.5.2-cp39-cp39-musllinux_1_1_i686.whl", hash = "sha256:20e2f46e3787889f3474c0ee6872c622fbc5b36da2546887a368f08cce288266"},
    {file = "ddtrace-1.5.2-cp39-cp39-musllinux_1_1_x86_64.whl", hash = "sha256:271850922177515ac5d36be8667f83f0c276f4dd47a3a71e079820ec2a18d1d6"},
    {file = "ddtrace-1.5.2-cp39-cp39-win32.whl", hash = "sha256:fb20e48642e6b3bae474df9cc60ce8ca2cffc482170615cf6c05660e611d4689"},
    {file = "ddtrace-1.5.2-cp39-cp39-win_amd64.whl", hash = "sha256:60617ec2975aa61be2b9be83cb207512ca7987028ba535cc565f5956c03f7be7"},
    {file = "ddtrace-1.5.2.tar.gz", hash = "sha256:2af28170116eaec5bd51300fbf6b930224fc074b30dc00d9612db8f0e8294d32"},
]
envier = [
    {file = "envier-0.3.0-py3-none-any.whl", hash = "sha256:79ddaad5da5ec094645b30385ec6617269efa1cede6f6f07098bf2d36418a903"},
    {file = "envier-0.3.0.tar.gz", hash = "sha256:e4668376c90b8d703a98d982db0e197b601dce50a32595d63c90ba0d9ce94702"},
]
exceptiongroup = [
    {file = "exceptiongroup-1.0.0rc9-py3-none-any.whl", hash = "sha256:2e3c3fc1538a094aab74fad52d6c33fc94de3dfee3ee01f187c0e0c72aec5337"},
    {file = "exceptiongroup-1.0.0rc9.tar.gz", hash = "sha256:9086a4a21ef9b31c72181c77c040a074ba0889ee56a7b289ff0afb0d97655f96"},
]
importlib-metadata = [
    {file = "importlib_metadata-5.0.0-py3-none-any.whl", hash = "sha256:ddb0e35065e8938f867ed4928d0ae5bf2a53b7773871bfe6bcc7e4fcdc7dea43"},
    {file = "importlib_metadata-5.0.0.tar.gz", hash = "sha256:da31db32b304314d044d3c12c79bd59e307889b287ad12ff387b3500835fc2ab"},
]
importlib-resources = [
    {file = "importlib_resources-5.10.0-py3-none-any.whl", hash = "sha256:ee17ec648f85480d523596ce49eae8ead87d5631ae1551f913c0100b5edd3437"},
    {file = "importlib_resources-5.10.0.tar.gz", hash = "sha256:c01b1b94210d9849f286b86bb51bcea7cd56dde0600d8db721d7b81330711668"},
]
iniconfig = [
    {file = "iniconfig-1.1.1-py2.py3-none-any.whl", hash = "sha256:011e24c64b7f47f6ebd835bb12a743f2fbe9a26d4cecaa7f53bc4f35ee9da8b3"},
    {file = "iniconfig-1.1.1.tar.gz", hash = "sha256:bc3af051d7d14b2ee5ef9969666def0cd1a000e121eaea580d4a313df4b37f32"},
]
jsonschema = [
    {file = "jsonschema-4.16.0-py3-none-any.whl", hash = "sha256:9e74b8f9738d6a946d70705dc692b74b5429cd0960d58e79ffecfc43b2221eb9"},
    {file = "jsonschema-4.16.0.tar.gz", hash = "sha256:165059f076eff6971bae5b742fc029a7b4ef3f9bcf04c14e4776a7605de14b23"},
]
packaging = [
    {file = "packaging-21.3-py3-none-any.whl", hash = "sha256:ef103e05f519cdc783ae24ea4e2e0f508a9c99b2d4969652eed6a2e1ea5bd522"},
    {file = "packaging-21.3.tar.gz", hash = "sha256:dd47c42927d89ab911e606518907cc2d3a1f38bbd026385970643f9c5b8ecfeb"},
]
pkgutil-resolve-name = [
    {file = "pkgutil_resolve_name-1.3.10-py3-none-any.whl", hash = "sha256:ca27cc078d25c5ad71a9de0a7a330146c4e014c2462d9af19c6b828280649c5e"},
    {file = "pkgutil_resolve_name-1.3.10.tar.gz", hash = "sha256:357d6c9e6a755653cfd78893817c0853af365dd51ec97f3d358a819373bbd174"},
]
pluggy = [
    {file = "pluggy-1.0.0-py2.py3-none-any.whl", hash = "sha256:74134bbf457f031a36d68416e1509f34bd5ccc019f0bcc952c7b909d06b37bd3"},
    {file = "pluggy-1.0.0.tar.gz", hash = "sha256:4224373bacce55f955a878bf9cfa763c1e360858e330072059e10bad68531159"},
]
protobuf = [
    {file = "protobuf-4.21.8-cp310-abi3-win32.whl", hash = "sha256:c252c55ee15175aa1b21b7b9896e6add5162d066d5202e75c39f96136f08cce3"},
    {file = "protobuf-4.21.8-cp310-abi3-win_amd64.whl", hash = "sha256:809ca0b225d3df42655a12f311dd0f4148a943c51f1ad63c38343e457492b689"},
    {file = "protobuf-4.21.8-cp37-abi3-macosx_10_9_universal2.whl", hash = "sha256:bbececaf3cfea9ea65ebb7974e6242d310d2a7772a6f015477e0d79993af4511"},
    {file = "protobuf-4.21.8-cp37-abi3-manylinux2014_aarch64.whl", hash = "sha256:b02eabb9ebb1a089ed20626a90ad7a69cee6bcd62c227692466054b19c38dd1f"},
    {file = "protobuf-4.21.8-cp37-abi3-manylinux2014_x86_64.whl", hash = "sha256:4761201b93e024bb70ee3a6a6425d61f3152ca851f403ba946fb0cde88872661"},
    {file = "protobuf-4.21.8-cp37-cp37m-win32.whl", hash = "sha256:f2d55ff22ec300c4d954d3b0d1eeb185681ec8ad4fbecff8a5aee6a1cdd345ba"},
    {file = "protobuf-4.21.8-cp37-cp37m-win_amd64.whl", hash = "sha256:c5f94911dd8feb3cd3786fc90f7565c9aba7ce45d0f254afd625b9628f578c3f"},
    {file = "protobuf-4.21.8-cp38-cp38-win32.whl", hash = "sha256:b37b76efe84d539f16cba55ee0036a11ad91300333abd213849cbbbb284b878e"},
    {file = "protobuf-4.21.8-cp38-cp38-win_amd64.whl", hash = "sha256:2c92a7bfcf4ae76a8ac72e545e99a7407e96ffe52934d690eb29a8809ee44d7b"},
    {file = "protobuf-4.21.8-cp39-cp39-win32.whl", hash = "sha256:89d641be4b5061823fa0e463c50a2607a97833e9f8cfb36c2f91ef5ccfcc3861"},
    {file = "protobuf-4.21.8-cp39-cp39-win_amd64.whl", hash = "sha256:bc471cf70a0f53892fdd62f8cd4215f0af8b3f132eeee002c34302dff9edd9b6"},
    {file = "protobuf-4.21.8-py2.py3-none-any.whl", hash = "sha256:a55545ce9eec4030cf100fcb93e861c622d927ef94070c1a3c01922902464278"},
    {file = "protobuf-4.21.8-py3-none-any.whl", hash = "sha256:0f236ce5016becd989bf39bd20761593e6d8298eccd2d878eda33012645dc369"},
    {file = "protobuf-4.21.8.tar.gz", hash = "sha256:427426593b55ff106c84e4a88cac855175330cb6eb7e889e85aaa7b5652b686d"},
]
py = [
    {file = "py-1.11.0-py2.py3-none-any.whl", hash = "sha256:607c53218732647dff4acdfcd50cb62615cedf612e72d1724fb1a0cc6405b378"},
    {file = "py-1.11.0.tar.gz", hash = "sha256:51c75c4126074b472f746a24399ad32f6053d1b34b68d2fa41e558e6f4a98719"},
]
pyparsing = [
    {file = "pyparsing-3.0.9-py3-none-any.whl", hash = "sha256:5026bae9a10eeaefb61dab2f09052b9f4307d44aee4eda64b309723d8d206bbc"},
    {file = "pyparsing-3.0.9.tar.gz", hash = "sha256:2b020ecf7d21b687f219b71ecad3631f644a47f01403fa1d1036b0c6416d70fb"},
]
pyrsistent = [
    {file = "pyrsistent-0.18.1-cp310-cp310-macosx_10_9_universal2.whl", hash = "sha256:df46c854f490f81210870e509818b729db4488e1f30f2a1ce1698b2295a878d1"},
    {file = "pyrsistent-0.18.1-cp310-cp310-manylinux_2_17_x86_64.manylinux2014_x86_64.whl", hash = "sha256:5d45866ececf4a5fff8742c25722da6d4c9e180daa7b405dc0a2a2790d668c26"},
    {file = "pyrsistent-0.18.1-cp310-cp310-manylinux_2_5_i686.manylinux1_i686.manylinux_2_17_i686.manylinux2014_i686.whl", hash = "sha256:4ed6784ceac462a7d6fcb7e9b663e93b9a6fb373b7f43594f9ff68875788e01e"},
    {file = "pyrsistent-0.18.1-cp310-cp310-win32.whl", hash = "sha256:e4f3149fd5eb9b285d6bfb54d2e5173f6a116fe19172686797c056672689daf6"},
    {file = "pyrsistent-0.18.1-cp310-cp310-win_amd64.whl", hash = "sha256:636ce2dc235046ccd3d8c56a7ad54e99d5c1cd0ef07d9ae847306c91d11b5fec"},
    {file = "pyrsistent-0.18.1-cp37-cp37m-macosx_10_9_x86_64.whl", hash = "sha256:e92a52c166426efbe0d1ec1332ee9119b6d32fc1f0bbfd55d5c1088070e7fc1b"},
    {file = "pyrsistent-0.18.1-cp37-cp37m-manylinux_2_17_x86_64.manylinux2014_x86_64.whl", hash = "sha256:d7a096646eab884bf8bed965bad63ea327e0d0c38989fc83c5ea7b8a87037bfc"},
    {file = "pyrsistent-0.18.1-cp37-cp37m-manylinux_2_5_i686.manylinux1_i686.manylinux_2_17_i686.manylinux2014_i686.whl", hash = "sha256:cdfd2c361b8a8e5d9499b9082b501c452ade8bbf42aef97ea04854f4a3f43b22"},
    {file = "pyrsistent-0.18.1-cp37-cp37m-win32.whl", hash = "sha256:7ec335fc998faa4febe75cc5268a9eac0478b3f681602c1f27befaf2a1abe1d8"},
    {file = "pyrsistent-0.18.1-cp37-cp37m-win_amd64.whl", hash = "sha256:6455fc599df93d1f60e1c5c4fe471499f08d190d57eca040c0ea182301321286"},
    {file = "pyrsistent-0.18.1-cp38-cp38-macosx_10_9_universal2.whl", hash = "sha256:fd8da6d0124efa2f67d86fa70c851022f87c98e205f0594e1fae044e7119a5a6"},
    {file = "pyrsistent-0.18.1-cp38-cp38-manylinux_2_17_x86_64.manylinux2014_x86_64.whl", hash = "sha256:7bfe2388663fd18bd8ce7db2c91c7400bf3e1a9e8bd7d63bf7e77d39051b85ec"},
    {file = "pyrsistent-0.18.1-cp38-cp38-manylinux_2_5_i686.manylinux1_i686.manylinux_2_17_i686.manylinux2014_i686.whl", hash = "sha256:0e3e1fcc45199df76053026a51cc59ab2ea3fc7c094c6627e93b7b44cdae2c8c"},
    {file = "pyrsistent-0.18.1-cp38-cp38-win32.whl", hash = "sha256:b568f35ad53a7b07ed9b1b2bae09eb15cdd671a5ba5d2c66caee40dbf91c68ca"},
    {file = "pyrsistent-0.18.1-cp38-cp38-win_amd64.whl", hash = "sha256:d1b96547410f76078eaf66d282ddca2e4baae8964364abb4f4dcdde855cd123a"},
    {file = "pyrsistent-0.18.1-cp39-cp39-macosx_10_9_universal2.whl", hash = "sha256:f87cc2863ef33c709e237d4b5f4502a62a00fab450c9e020892e8e2ede5847f5"},
    {file = "pyrsistent-0.18.1-cp39-cp39-manylinux_2_17_x86_64.manylinux2014_x86_64.whl", hash = "sha256:6bc66318fb7ee012071b2792024564973ecc80e9522842eb4e17743604b5e045"},
    {file = "pyrsistent-0.18.1-cp39-cp39-manylinux_2_5_i686.manylinux1_i686.manylinux_2_17_i686.manylinux2014_i686.whl", hash = "sha256:914474c9f1d93080338ace89cb2acee74f4f666fb0424896fcfb8d86058bf17c"},
    {file = "pyrsistent-0.18.1-cp39-cp39-win32.whl", hash = "sha256:1b34eedd6812bf4d33814fca1b66005805d3640ce53140ab8bbb1e2651b0d9bc"},
    {file = "pyrsistent-0.18.1-cp39-cp39-win_amd64.whl", hash = "sha256:e24a828f57e0c337c8d8bb9f6b12f09dfdf0273da25fda9e314f0b684b415a07"},
    {file = "pyrsistent-0.18.1.tar.gz", hash = "sha256:d4d61f8b993a7255ba714df3aca52700f8125289f84f704cf80916517c46eb96"},
]
pytest = [
    {file = "pytest-6.2.5-py3-none-any.whl", hash = "sha256:7310f8d27bc79ced999e760ca304d69f6ba6c6649c0b60fb0e04a4a77cacc134"},
    {file = "pytest-6.2.5.tar.gz", hash = "sha256:131b36680866a76e6781d13f101efb86cf674ebb9762eb70d3082b6f29889e89"},
]
six = [
    {file = "six-1.16.0-py2.py3-none-any.whl", hash = "sha256:8abb2f1d86890a2dfb989f9a77cfcfd3e47c2a354b01111771326f8aa26e0254"},
    {file = "six-1.16.0.tar.gz", hash = "sha256:1e61c37477a1626458e36f7b1d82aa5c9b094fa4802892072e49de9c60c4c926"},
]
tenacity = [
    {file = "tenacity-8.1.0-py3-none-any.whl", hash = "sha256:35525cd47f82830069f0d6b73f7eb83bc5b73ee2fff0437952cedf98b27653ac"},
    {file = "tenacity-8.1.0.tar.gz", hash = "sha256:e48c437fdf9340f5666b92cd7990e96bc5fc955e1298baf4a907e3972067a445"},
]
toml = [
    {file = "toml-0.10.2-py2.py3-none-any.whl", hash = "sha256:806143ae5bfb6a3c6e736a764057db0e6a0e05e338b5630894a5f779cabb4f9b"},
    {file = "toml-0.10.2.tar.gz", hash = "sha256:b3bda1d108d5dd99f4a20d24d9c348e91c4db7ab1b749200bded2f839ccbe68f"},
]
typing-extensions = [
    {file = "typing_extensions-4.4.0-py3-none-any.whl", hash = "sha256:16fa4864408f655d35ec496218b85f79b3437c829e93320c7c9215ccfd92489e"},
    {file = "typing_extensions-4.4.0.tar.gz", hash = "sha256:1511434bb92bf8dd198c12b1cc812e800d4181cfcb867674e0f8279cc93087aa"},
]
watchdog = [
    {file = "watchdog-2.1.9-cp310-cp310-macosx_10_9_universal2.whl", hash = "sha256:a735a990a1095f75ca4f36ea2ef2752c99e6ee997c46b0de507ba40a09bf7330"},
    {file = "watchdog-2.1.9-cp310-cp310-macosx_10_9_x86_64.whl", hash = "sha256:6b17d302850c8d412784d9246cfe8d7e3af6bcd45f958abb2d08a6f8bedf695d"},
    {file = "watchdog-2.1.9-cp310-cp310-macosx_11_0_arm64.whl", hash = "sha256:ee3e38a6cc050a8830089f79cbec8a3878ec2fe5160cdb2dc8ccb6def8552658"},
    {file = "watchdog-2.1.9-cp36-cp36m-macosx_10_9_x86_64.whl", hash = "sha256:64a27aed691408a6abd83394b38503e8176f69031ca25d64131d8d640a307591"},
    {file = "watchdog-2.1.9-cp37-cp37m-macosx_10_9_x86_64.whl", hash = "sha256:195fc70c6e41237362ba720e9aaf394f8178bfc7fa68207f112d108edef1af33"},
    {file = "watchdog-2.1.9-cp38-cp38-macosx_10_9_universal2.whl", hash = "sha256:bfc4d351e6348d6ec51df007432e6fe80adb53fd41183716017026af03427846"},
    {file = "watchdog-2.1.9-cp38-cp38-macosx_10_9_x86_64.whl", hash = "sha256:8250546a98388cbc00c3ee3cc5cf96799b5a595270dfcfa855491a64b86ef8c3"},
    {file = "watchdog-2.1.9-cp38-cp38-macosx_11_0_arm64.whl", hash = "sha256:117ffc6ec261639a0209a3252546b12800670d4bf5f84fbd355957a0595fe654"},
    {file = "watchdog-2.1.9-cp39-cp39-macosx_10_9_universal2.whl", hash = "sha256:97f9752208f5154e9e7b76acc8c4f5a58801b338de2af14e7e181ee3b28a5d39"},
    {file = "watchdog-2.1.9-cp39-cp39-macosx_10_9_x86_64.whl", hash = "sha256:247dcf1df956daa24828bfea5a138d0e7a7c98b1a47cf1fa5b0c3c16241fcbb7"},
    {file = "watchdog-2.1.9-cp39-cp39-macosx_11_0_arm64.whl", hash = "sha256:226b3c6c468ce72051a4c15a4cc2ef317c32590d82ba0b330403cafd98a62cfd"},
    {file = "watchdog-2.1.9-pp37-pypy37_pp73-macosx_10_9_x86_64.whl", hash = "sha256:d9820fe47c20c13e3c9dd544d3706a2a26c02b2b43c993b62fcd8011bcc0adb3"},
    {file = "watchdog-2.1.9-pp38-pypy38_pp73-macosx_10_9_x86_64.whl", hash = "sha256:70af927aa1613ded6a68089a9262a009fbdf819f46d09c1a908d4b36e1ba2b2d"},
    {file = "watchdog-2.1.9-pp39-pypy39_pp73-macosx_10_9_x86_64.whl", hash = "sha256:ed80a1628cee19f5cfc6bb74e173f1b4189eb532e705e2a13e3250312a62e0c9"},
    {file = "watchdog-2.1.9-py3-none-manylinux2014_aarch64.whl", hash = "sha256:9f05a5f7c12452f6a27203f76779ae3f46fa30f1dd833037ea8cbc2887c60213"},
    {file = "watchdog-2.1.9-py3-none-manylinux2014_armv7l.whl", hash = "sha256:255bb5758f7e89b1a13c05a5bceccec2219f8995a3a4c4d6968fe1de6a3b2892"},
    {file = "watchdog-2.1.9-py3-none-manylinux2014_i686.whl", hash = "sha256:d3dda00aca282b26194bdd0adec21e4c21e916956d972369359ba63ade616153"},
    {file = "watchdog-2.1.9-py3-none-manylinux2014_ppc64.whl", hash = "sha256:186f6c55abc5e03872ae14c2f294a153ec7292f807af99f57611acc8caa75306"},
    {file = "watchdog-2.1.9-py3-none-manylinux2014_ppc64le.whl", hash = "sha256:083171652584e1b8829581f965b9b7723ca5f9a2cd7e20271edf264cfd7c1412"},
    {file = "watchdog-2.1.9-py3-none-manylinux2014_s390x.whl", hash = "sha256:b530ae007a5f5d50b7fbba96634c7ee21abec70dc3e7f0233339c81943848dc1"},
    {file = "watchdog-2.1.9-py3-none-manylinux2014_x86_64.whl", hash = "sha256:4f4e1c4aa54fb86316a62a87b3378c025e228178d55481d30d857c6c438897d6"},
    {file = "watchdog-2.1.9-py3-none-win32.whl", hash = "sha256:5952135968519e2447a01875a6f5fc8c03190b24d14ee52b0f4b1682259520b1"},
    {file = "watchdog-2.1.9-py3-none-win_amd64.whl", hash = "sha256:7a833211f49143c3d336729b0020ffd1274078e94b0ae42e22f596999f50279c"},
    {file = "watchdog-2.1.9-py3-none-win_ia64.whl", hash = "sha256:ad576a565260d8f99d97f2e64b0f97a48228317095908568a9d5c786c829d428"},
    {file = "watchdog-2.1.9.tar.gz", hash = "sha256:43ce20ebb36a51f21fa376f76d1d4692452b2527ccd601950d69ed36b9e21609"},
]
xmltodict = [
    {file = "xmltodict-0.13.0-py2.py3-none-any.whl", hash = "sha256:aa89e8fd76320154a40d19a0df04a4695fb9dc5ba977cbb68ab3e4eb225e7852"},
    {file = "xmltodict-0.13.0.tar.gz", hash = "sha256:341595a488e3e01a85a9d8911d8912fd922ede5fecc4dce437eb4b6c8d037e56"},
]
zipp = [
    {file = "zipp-3.9.0-py3-none-any.whl", hash = "sha256:972cfa31bc2fedd3fa838a51e9bc7e64b7fb725a8c00e7431554311f180e9980"},
    {file = "zipp-3.9.0.tar.gz", hash = "sha256:3a7af91c3db40ec72dd9d154ae18e008c69efe8ca88dde4f9a731bb82fe2f9eb"},
]
